dependencies:
  espressif/cmake_utilities:
    component_hash: 05165f30922b422b4b90c08845e6d449329b97370fbd06309803d8cb539d79e3
    dependencies:
    - name: idf
      require: private
      version: '>=4.1'
    source:
      registry_url: https://components.espressif.com
      type: service
    version: 1.1.1
  espressif/esp_modem:
    component_hash: 40af7f39c6c8c0c85c98014721fca8d9d2186f18f70645c66b94548192cf1e03
    dependencies:
    - name: idf
      require: private
      version: '>=4.1'
    source:
      registry_url: https://components.espressif.com/
      type: service
    version: 1.4.2
  espressif/esp_websocket_client:
    component_hash: 3fb288702517ef4d75bf933a115f1056ee0c2540d964f9e1d856e0bb67e1dfeb
    dependencies:
    - name: idf
      require: private
      version: '>=5.0'
    source:
      registry_url: https://components.espressif.com/
      type: service
    version: 1.7.0
  espressif/i2c_bus:
    component_hash: 483112c1619c54c38d0b734fb25f1678733267858a77b7af2f48cc7db6dbbd84
    dependencies:
    - name: espressif/cmake_utilities
      registry_url: https://components.espressif.com
      require: private
      version: '*'
    - name: idf
      require: private
      version: '>=4.0'
    source:
      registry_url: https://components.espressif.com/
      type: service
    version: 1.5.2
  idf:
    source:
      type: idf
    version: 5.5.4
  smonitor-i2c-reader:
    component_hash: b2f4ff6fa01191269f2d654e61ab42f0eaff729f6ab4e8816aeb489e28050019
    dependencies:
    - name: idf
      version: '>=5.3'
    - name: espressif/i2c_bus
      version: ^1.2.0
    source:
      git: https://github.com/sensmonitor/smonitor-i2c-reader.git
      path: .
      type: git
    version: 6e25b0d732b9e429c3fa47ee8802b2d671b9db6c
  smonitor-modem:
    component_hash: 6911babee221cf039b051b4d3dde4c7ead0396e01ec72b71d979647b71293fe7
    dependencies:
    - name: idf
      version: '>=5.5,<5.6'
    - name: espressif/esp_modem
      version: ^1.4.0
    source:
      git: https://github.com/sensmonitor/smonitor-modem.git
      path: .
      type: git
    version: ca22b362480c071dc4287c33e8d35fea15283cb4
direct_dependencies:
- espressif/esp_websocket_client
- idf
- smonitor-i2c-reader
- smonitor-modem
manifest_hash: cf4ba237b758fca470baf6401c12d98b213d22fa5d96a47f57f925db4e7fecbb
target: esp32
version: 2.0.0
