dependencies:
  espressif/cmake_utilities:
    component_hash: 05165f30922b422b4b90c08845e6d449329b97370fbd06309803d8cb539d79e3
    dependencies:
    - name: idf
      require: private
      version: '>=4.1'
    source:
      registry_url: https://components.espressif.com
      type: service
    version: 1.1.1
  espressif/esp_modem:
    component_hash: 71c9f54fc512c60d93ea9763377ceb1d5b575a4616f3f3344440b97e2a38da29
    dependencies:
    - name: idf
      require: private
      version: '>=4.1'
    source:
      registry_url: https://components.espressif.com
      type: service
    version: 1.4.3
  espressif/esp_websocket_client:
    component_hash: dc00233af846f3a744ada283a300e0d586040aadc3ee67361645ecdce4523672
    dependencies:
    - name: idf
      require: private
      version: '>=5.0'
    source:
      registry_url: https://components.espressif.com/
      type: service
    version: 1.8.0
  espressif/i2c_bus:
    component_hash: 483112c1619c54c38d0b734fb25f1678733267858a77b7af2f48cc7db6dbbd84
    dependencies:
    - name: espressif/cmake_utilities
      registry_url: https://components.espressif.com
      require: private
      version: '*'
    - name: idf
      require: private
      version: '>=4.0'
    source:
      registry_url: https://components.espressif.com
      type: service
    version: 1.5.2
  idf:
    source:
      type: idf
    version: 5.5.4
  sensmonitor/smonitor-i2c:
    component_hash: 64fb25f5a082f54da8caa29bdff079638247a0cb41dce4b93c54342ce10f458f
    dependencies:
    - name: espressif/i2c_bus
      registry_url: https://components.espressif.com
      require: private
      version: ^1.2.0
    - name: idf
      require: private
      version: '>=5.3'
    source:
      registry_url: https://components.espressif.com/
      type: service
    version: 0.1.1
  sensmonitor/smonitor-modem:
    component_hash: 449e1ccf39218bb2a1b8a208ef8c4cd7d209f0374e5e270d0fa884681ee6e02f
    dependencies:
    - name: espressif/esp_modem
      registry_url: https://components.espressif.com
      require: private
      version: ^1.4.0
    - name: idf
      require: private
      version: '>=5.5,<5.6'
    source:
      registry_url: https://components.espressif.com/
      type: service
    version: 0.1.6
direct_dependencies:
- espressif/esp_websocket_client
- idf
- sensmonitor/smonitor-i2c
- sensmonitor/smonitor-modem
manifest_hash: 9b1adafcd63aba2a9c80b7ab20f3bf445c5e51e4f5699fb63c1f9dbd22ffdea2
target: esp32s3
version: 2.0.0
